
Microsoft Visual Studio Solution File, Format Version 12.00
# Visual Studio Version 17
VisualStudioVersion = 17.7.34221.43
MinimumVisualStudioVersion = 10.0.40219.1
Project("{9A19103F-16F7-4668-BE54-9A1E7A4F7556}") = "API-Minimizer", "ApiFront\API-Minimizer.csproj", "{FB911F2E-1ACE-4E3C-9834-F16A52649E0F}"
EndProject
Project("{FAE04EC0-301F-11D3-BF4B-00C04F79EFBC}") = "API-Minimizer-back", "ApiBack\API-Minimizer-back\API-Minimizer-back.csproj", "{09F55F68-4972-4545-9952-93BBA2778955}"
EndProject
Project("{E53339B2-1760-4266-BCC7-CA923CBCF16C}") = "docker-compose", "docker-compose.dcproj", "{5021B66C-F7F1-4425-A4F6-FE25B6B70EA0}"
EndProject
Global
	GlobalSection(SolutionConfigurationPlatforms) = preSolution
		Debug|Any CPU = Debug|Any CPU
		Release|Any CPU = Release|Any CPU
	EndGlobalSection
	GlobalSection(ProjectConfigurationPlatforms) = postSolution
		{FB911F2E-1ACE-4E3C-9834-F16A52649E0F}.Debug|Any CPU.ActiveCfg = Debug|Any CPU
		{FB911F2E-1ACE-4E3C-9834-F16A52649E0F}.Debug|Any CPU.Build.0 = Debug|Any CPU
		{FB911F2E-1ACE-4E3C-9834-F16A52649E0F}.Release|Any CPU.ActiveCfg = Release|Any CPU
		{FB911F2E-1ACE-4E3C-9834-F16A52649E0F}.Release|Any CPU.Build.0 = Release|Any CPU
		{09F55F68-4972-4545-9952-93BBA2778955}.Debug|Any CPU.ActiveCfg = Debug|Any CPU
		{09F55F68-4972-4545-9952-93BBA2778955}.Debug|Any CPU.Build.0 = Debug|Any CPU
		{09F55F68-4972-4545-9952-93BBA2778955}.Release|Any CPU.ActiveCfg = Release|Any CPU
		{09F55F68-4972-4545-9952-93BBA2778955}.Release|Any CPU.Build.0 = Release|Any CPU
		{5021B66C-F7F1-4425-A4F6-FE25B6B70EA0}.Debug|Any CPU.ActiveCfg = Debug|Any CPU
		{5021B66C-F7F1-4425-A4F6-FE25B6B70EA0}.Debug|Any CPU.Build.0 = Debug|Any CPU
		{5021B66C-F7F1-4425-A4F6-FE25B6B70EA0}.Release|Any CPU.ActiveCfg = Release|Any CPU
		{5021B66C-F7F1-4425-A4F6-FE25B6B70EA0}.Release|Any CPU.Build.0 = Release|Any CPU
	EndGlobalSection
	GlobalSection(SolutionProperties) = preSolution
		HideSolutionNode = FALSE
	EndGlobalSection
	GlobalSection(ExtensibilityGlobals) = postSolution
		SolutionGuid = {E802600A-18B1-4B27-B3FC-B60C8D8D5458}
	EndGlobalSection
EndGlobal
